
Microsoft Visual Studio Solution File, Format Version 12.00
# Visual Studio 2012
Project("{FAE04EC0-301F-11D3-BF4B-00C04F79EFBC}") = "BibliotecaClassLibrary", "BibliotecaClassLibrary\BibliotecaClassLibrary.csproj", "{B9A2B4B6-A997-4A86-9113-5C97ADCB1BFC}"
EndProject
Project("{FAE04EC0-301F-11D3-BF4B-00C04F79EFBC}") = "BibliotecaConsole", "BibliotecaConsole\BibliotecaConsole.csproj", "{2584E29B-CE3B-43D1-804D-C7A4A82BB825}"
EndProject
Global
	GlobalSection(SolutionConfigurationPlatforms) = preSolution
		Debug|Any CPU = Debug|Any CPU
		Release|Any CPU = Release|Any CPU
	EndGlobalSection
	GlobalSection(ProjectConfigurationPlatforms) = postSolution
		{B9A2B4B6-A997-4A86-9113-5C97ADCB1BFC}.Debug|Any CPU.ActiveCfg = Debug|Any CPU
		{B9A2B4B6-A997-4A86-9113-5C97ADCB1BFC}.Debug|Any CPU.Build.0 = Debug|Any CPU
		{B9A2B4B6-A997-4A86-9113-5C97ADCB1BFC}.Release|Any CPU.ActiveCfg = Release|Any CPU
		{B9A2B4B6-A997-4A86-9113-5C97ADCB1BFC}.Release|Any CPU.Build.0 = Release|Any CPU
		{2584E29B-CE3B-43D1-804D-C7A4A82BB825}.Debug|Any CPU.ActiveCfg = Debug|Any CPU
		{2584E29B-CE3B-43D1-804D-C7A4A82BB825}.Debug|Any CPU.Build.0 = Debug|Any CPU
		{2584E29B-CE3B-43D1-804D-C7A4A82BB825}.Release|Any CPU.ActiveCfg = Release|Any CPU
		{2584E29B-CE3B-43D1-804D-C7A4A82BB825}.Release|Any CPU.Build.0 = Release|Any CPU
	EndGlobalSection
	GlobalSection(SolutionProperties) = preSolution
		HideSolutionNode = FALSE
	EndGlobalSection
EndGlobal
